{
    "_meta": {
        "hash": {
            "sha256": "26253427b83ae425ff2c461b3ed46777b1ee31b14e934eca4e03e647279587d0"
        },
        "pipfile-spec": 6,
        "requires": {
            "python_version": "3.10"
        },
        "sources": [
            {
                "name": "pypi",
                "url": "https://pypi.org/simple",
                "verify_ssl": true
            }
        ]
    },
    "default": {
        "asgiref": {
            "hashes": [
                "sha256:89b2ef2247e3b562a16eef663bc0e2e703ec6468e2fa8a5cd61cd449786d4f6e",
                "sha256:9e0ce3aa93a819ba5b45120216b23878cf6e8525eb3848653452b4192b92afed"
            ],
            "markers": "python_version >= '3.7'",
            "version": "==3.7.2"
        },
        "asttokens": {
            "hashes": [
                "sha256:051ed49c3dcae8913ea7cd08e46a606dba30b79993209636c4875bc1d637bc24",
                "sha256:b03869718ba9a6eb027e134bfdf69f38a236d681c83c160d510768af11254ba0"
            ],
            "version": "==2.4.1"
        },
        "cbor2": {
            "hashes": [
                "sha256:04077dabb22a5c1748446635254760f11da33cf22e099f02986bc96bc3223c44",
                "sha256:0423908995c4f87598a59d630ece5478138c816ddd169ab5b2ee1035d8aff88a",
                "sha256:0d36554819084e711208da701173f1c70a851f5395fe52a225acab45dc5e1e32",
                "sha256:20534a0f3376ed9cef5c969faf1870048cdd0d617064cd52fbd87ad647795ecf",
                "sha256:2466e31d4f6d3350c5e4eeb6032ab2b969de38da934fa9ea76c7015c673d4fc8",
                "sha256:29a5903d1390dbc8b6cec2fd97f0d9f04ced97d1006fb5a28e656b59fb677901",
                "sha256:2babf033c203d25e77fac8b3db6cf2fe89713cbed729279cc6edc5d6eb101b03",
                "sha256:2f56ecdf51bd047b7724f8a31f35777a3b69e74b035119040010d438013c8e7f",
                "sha256:2f7281c840f1511bfc51365ea9a14f99eb23b92ffe98c74221a5cde366c167e8",
                "sha256:36332d928bfd474c26ff10927eea70472ad03aba22eb8dc656e674c04ffbe7a4",
                "sha256:39ebe0cdced8e7950829bcf5bf664c7a8d5d32db6c09772e40c899abdd37f7cc",
                "sha256:45b765211fbfd39e56b496bcd04123211425d616c47ba5fb7a7ddd837ea1de80",
                "sha256:4cfa9cab496f43d6eee43f55633e4ad2d7f3581502e1a1b6e8d89d8695b63f29",
                "sha256:513075a06e25de57582992730a0bceb98b522285d6d2307df5512431244a6a3e",
                "sha256:51f0001bfcefced0bfc153636d7e47d6adc4c804112d59aa0c712579b739b7a6",
                "sha256:5285fb8190ab6070b4d0801638c92404ddf00c93583fd3242a581b07a60c25cc",
                "sha256:5832037489d5bcba9312482fd590ae4744fe2b1f7eda21890163b7ccfe212545",
                "sha256:58a86439f5251dc981220be5f34fba5b952bfd21c026a390e310a8e5566ae302",
                "sha256:58d4bcc7816b7130cf16fc6ad8ab06caa2d341992f4db756a88293592c2440e6",
                "sha256:63c693de37b88207421cc62c4c50ac17b9d89441a81384237a4d93e56a21037e",
                "sha256:6b783bb572b11226fb43f01921276d224460b019d33c1b69cfef3cd30e1cf4b3",
                "sha256:752130e38644319f3dae7f91fabb08f58bc454ca671b72875e6228d423890efd",
                "sha256:787e2da7ca871c01e154d0b81d7785457dd31ee8db31c54c663145ec29c2971a",
                "sha256:79bf66958809dc9400319b548995dfcb556d811489cca8a19c6525fe609c7a7a",
                "sha256:7ff7516cefed97ab550d5c69bc7285a28e6c14243e38b423e92953a59435a81b",
                "sha256:99476a97b9b75d6fa1f6904d917ad970f46098fc7323dcc709955ba50cf9e0f5",
                "sha256:9d047c2340ad932b4f485b79d29664d3938f79a35c5bcc3a048c6e2d8efec6f7",
                "sha256:9fc734e4041b43c7031d1dd8aefc9bbc717539552c4be928d1db7f95da1948af",
                "sha256:a0e9f79eccc837da1320eb39dd6a54c593d8ff177da3e26a001772b289571154",
                "sha256:b56e3c59bce8ad01c1909f9fa509b4db36162051a44df9c0f18a3f4b09a9e745",
                "sha256:c39b52f0a2d7921642ce8fa83a6f2b969db766810e1e2b9f52934f462510fa93",
                "sha256:d38578dd25a1aa484c5bea5e9a322cb00e14d0f77a88ce9363c5c4a13607e83a",
                "sha256:dfc57ae4298fb61508385c35bcca516c9284e4e9daabb4a8e285f33ccd7d0891",
                "sha256:e7d844a158eed04ca36721a67a2247a874ebca833dbbb41db0b7ac15b509ee9d",
                "sha256:f1bed7da33c0d625907687b154e30b1aaf11f4babaeae1268d9bf299c8c6827c",
                "sha256:f4ffee186afe9fbd33305a87e87baae807f0919664460a082675009f5b3d4e99",
                "sha256:fb9dcc20ca2be813ac8b7b181cdca3156dacd22b1dd8c7f2a729c3c88a594e8a"
            ],
            "markers": "python_version >= '3.8'",
            "version": "==5.6.1"
        },
        "django": {
            "hashes": [
                "sha256:5dd5b787c3ba39637610fe700f54bf158e33560ea0dba600c19921e7ff926ec5",
                "sha256:aaee9fb0fb4ebd4311520887ad2e33313d368846607f82a9a0ed461cd4c35b18"
            ],
            "index": "pypi",
            "markers": "python_version >= '3.6'",
            "version": "==3.2.24"
        },
        "importlib-metadata": {
            "hashes": [
                "sha256:4805911c3a4ec7c3966410053e9ec6a1fecd629117df5adee56dfc9432a1081e",
                "sha256:f238736bb06590ae52ac1fab06a3a9ef1d8dce2b7a35b5ab329371d6c8f5d2cc"
            ],
            "markers": "python_version >= '3.8'",
            "version": "==7.0.1"
        },
        "packaging": {
            "hashes": [
                "sha256:048fb0e9405036518eaaf48a55953c750c11e1a1b68e0dd1a9d62ed0c092cfc5",
                "sha256:8c491190033a9af7e1d931d0b5dacc2ef47509b34dd0de67ed209b5203fc88c7"
            ],
            "markers": "python_version >= '3.7'",
            "version": "==23.2"
        },
        "pycryptodome": {
            "hashes": [
                "sha256:06d6de87c19f967f03b4cf9b34e538ef46e99a337e9a61a77dbe44b2cbcf0690",
                "sha256:09609209ed7de61c2b560cc5c8c4fbf892f8b15b1faf7e4cbffac97db1fffda7",
                "sha256:210ba1b647837bfc42dd5a813cdecb5b86193ae11a3f5d972b9a0ae2c7e9e4b4",
                "sha256:2a1250b7ea809f752b68e3e6f3fd946b5939a52eaeea18c73bdab53e9ba3c2dd",
                "sha256:2ab6ab0cb755154ad14e507d1df72de9897e99fd2d4922851a276ccc14f4f1a5",
                "sha256:3427d9e5310af6680678f4cce149f54e0bb4af60101c7f2c16fdf878b39ccccc",
                "sha256:3cd3ef3aee1079ae44afaeee13393cf68b1058f70576b11439483e34f93cf818",
                "sha256:405002eafad114a2f9a930f5db65feef7b53c4784495dd8758069b89baf68eab",
                "sha256:417a276aaa9cb3be91f9014e9d18d10e840a7a9b9a9be64a42f553c5b50b4d1d",
                "sha256:4401564ebf37dfde45d096974c7a159b52eeabd9969135f0426907db367a652a",
                "sha256:49a4c4dc60b78ec41d2afa392491d788c2e06edf48580fbfb0dd0f828af49d25",
                "sha256:5601c934c498cd267640b57569e73793cb9a83506f7c73a8ec57a516f5b0b091",
                "sha256:6e0e4a987d38cfc2e71b4a1b591bae4891eeabe5fa0f56154f576e26287bfdea",
                "sha256:76658f0d942051d12a9bd08ca1b6b34fd762a8ee4240984f7c06ddfb55eaf15a",
                "sha256:76cb39afede7055127e35a444c1c041d2e8d2f1f9c121ecef573757ba4cd2c3c",
                "sha256:8d6b98d0d83d21fb757a182d52940d028564efe8147baa9ce0f38d057104ae72",
                "sha256:9b3ae153c89a480a0ec402e23db8d8d84a3833b65fa4b15b81b83be9d637aab9",
                "sha256:a60fedd2b37b4cb11ccb5d0399efe26db9e0dd149016c1cc6c8161974ceac2d6",
                "sha256:ac1c7c0624a862f2e53438a15c9259d1655325fc2ec4392e66dc46cdae24d044",
                "sha256:acae12b9ede49f38eb0ef76fdec2df2e94aad85ae46ec85be3648a57f0a7db04",
                "sha256:acc2614e2e5346a4a4eab6e199203034924313626f9620b7b4b38e9ad74b7e0c",
                "sha256:acf6e43fa75aca2d33e93409f2dafe386fe051818ee79ee8a3e21de9caa2ac9e",
                "sha256:baee115a9ba6c5d2709a1e88ffe62b73ecc044852a925dcb67713a288c4ec70f",
                "sha256:c18b381553638414b38705f07d1ef0a7cf301bc78a5f9bc17a957eb19446834b",
                "sha256:d29daa681517f4bc318cd8a23af87e1f2a7bad2fe361e8aa29c77d652a065de4",
                "sha256:d5954acfe9e00bc83ed9f5cb082ed22c592fbbef86dc48b907238be64ead5c33",
                "sha256:ec0bb1188c1d13426039af8ffcb4dbe3aad1d7680c35a62d8eaf2a529b5d3d4f",
                "sha256:ec1f93feb3bb93380ab0ebf8b859e8e5678c0f010d2d78367cf6bc30bfeb148e",
                "sha256:f0e6d631bae3f231d3634f91ae4da7a960f7ff87f2865b2d2b831af1dfb04e9a",
                "sha256:f35d6cee81fa145333137009d9c8ba90951d7d77b67c79cbe5f03c7eb74d8fe2",
                "sha256:f47888542a0633baff535a04726948e876bf1ed880fddb7c10a736fa99146ab3",
                "sha256:fb3b87461fa35afa19c971b0a2b7456a7b1db7b4eba9a8424666104925b78128"
            ],
            "markers": "python_version >= '2.7' and python_version not in '3.0, 3.1, 3.2, 3.3, 3.4'",
            "version": "==3.20.0"
        },
        "pytz": {
            "hashes": [
                "sha256:2a29735ea9c18baf14b448846bde5a48030ed267578472d8955cd0e7443a9812",
                "sha256:328171f4e3623139da4983451950b28e95ac706e13f3f2630a879749e7a8b319"
            ],
            "version": "==2024.1"
        },
        "six": {
            "hashes": [
                "sha256:1e61c37477a1626458e36f7b1d82aa5c9b094fa4802892072e49de9c60c4c926",
                "sha256:8abb2f1d86890a2dfb989f9a77cfcfd3e47c2a354b01111771326f8aa26e0254"
            ],
            "markers": "python_version >= '2.7' and python_version not in '3.0, 3.1, 3.2, 3.3'",
            "version": "==1.16.0"
        },
        "sqlparse": {
            "hashes": [
                "sha256:5430a4fe2ac7d0f93e66f1efc6e1338a41884b7ddf2a350cedd20ccc4d9d28f3",
                "sha256:d446183e84b8349fa3061f0fe7f06ca94ba65b426946ffebe6e3e8295332420c"
            ],
            "markers": "python_version >= '3.5'",
            "version": "==0.4.4"
        },
        "typing-extensions": {
            "hashes": [
                "sha256:23478f88c37f27d76ac8aee6c905017a143b0b1b886c3c9f66bc2fd94f9f5783",
                "sha256:af72aea155e91adfc61c3ae9e0e342dbc0cba726d6cba4b6c72c1f34e47291cd"
            ],
            "markers": "python_version < '3.11'",
            "version": "==4.9.0"
        },
        "vyper": {
            "hashes": [
                "sha256:05636302341bf89602b19f749fcabc8d184a265d8eea4a45c20b3259780353b0",
                "sha256:8dc1f501caab417fb0ce9c68a6944587f0147ec7cc7d3889cf3a45c19466e489"
            ],
            "index": "pypi",
            "markers": "python_version >= '3.10' and python_version < '4'",
            "version": "==0.3.10"
        },
        "wheel": {
            "hashes": [
                "sha256:177f9c9b0d45c47873b619f5b650346d632cdc35fb5e4d25058e09c9e581433d",
                "sha256:c45be39f7882c9d34243236f2d63cbd58039e360f85d0913425fbd7ceea617a8"
            ],
            "markers": "python_version >= '3.7'",
            "version": "==0.42.0"
        },
        "zipp": {
            "hashes": [
                "sha256:0e923e726174922dce09c53c59ad483ff7bbb8e572e00c7f7c46b88556409f31",
                "sha256:84e64a1c28cf7e91ed2078bb8cc8c259cb19b76942096c8d7b84947690cabaf0"
            ],
            "markers": "python_version >= '3.8'",
            "version": "==3.17.0"
        }
    },
    "develop": {}
}
