{
    "_meta": {
        "hash": {
            "sha256": "f3711e6f8396171a934ecd47711ec129276c6f714a0edd57c4f75fdf49c9e547"
        },
        "pipfile-spec": 6,
        "requires": {
            "python_version": "3.10"
        },
        "sources": [
            {
                "name": "pip_conf_index_global",
                "url": "https://gitlab.gitguardian.ovh/api/v4/projects/435/packages/pypi/simple",
                "verify_ssl": true
            }
        ]
    },
    "default": {},
    "develop": {}
}
